dependencies:
- name: carpark-common
  repository: file://../../carpark-common
  version: 0.1.0
- name: carpark-configserver
  repository: file://../../carpark-configserver
  version: 0.1.0
- name: carpark-zipkin
  repository: file://../../carpark-zipkin
  version: 0.1.0
- name: carpark-eurekaserver
  repository: file://../../carpark-eurekaserver
  version: 0.1.0
- name: carpark-db
  repository: file://../../carpark-db
  version: 0.1.0
- name: carpark-account
  repository: file://../../carpark-account
  version: 0.1.0
- name: carpark-booking
  repository: file://../../carpark-booking
  version: 0.1.0
- name: carpark-carpark-etl
  repository: file://../../carpark-carpark-etl
  version: 0.1.0
- name: carpark-carparks
  repository: file://../../carpark-carparks
  version: 0.1.0
digest: sha256:cd5a86d3940550f9534433fb44042e48af1eee0a225198fe431c8400ee8184a9
generated: "2023-06-25T18:47:52.786621+08:00"
